
Microsoft Visual Studio Solution File, Format Version 12.00
# Visual Studio 15
VisualStudioVersion = 15.0.28010.2003
MinimumVisualStudioVersion = 10.0.40219.1
Project("{2150E333-8FDC-42A3-9474-1A3956D46DE8}") = "Solution Items", "Solution Items", "{4A6307C6-0243-4FC9-8479-7D6E4A0F7874}"
	ProjectSection(SolutionItems) = preProject
		.gitattributes = .gitattributes
		.gitignore = .gitignore
		ACKNOWLEDGMENTS.md = ACKNOWLEDGMENTS.md
		AUTHORS.md = AUTHORS.md
		CHANGELOG.md = CHANGELOG.md
		CODE_OF_CONDUCT.md = CODE_OF_CONDUCT.md
		README.md = README.md
		RELEASE.md = RELEASE.md
		ROADMAP.md = ROADMAP.md
		Social-Office-Soticket.sln.licenseheader = Social-Office-Soticket.sln.licenseheader
		TODO.md = TODO.md
	EndProjectSection
EndProject
Project("{E24C65DC-7377-472B-9ABA-BC803B73C61A}") = "docs", "docs\", "{08F6799F-FC6A-4874-9044-C750C5F3CB4B}"
	ProjectSection(WebsiteProperties) = preProject
		TargetFrameworkMoniker = ".NETFramework,Version%3Dv4.0"
		Debug.AspNetCompiler.VirtualPath = "/localhost_53308"
		Debug.AspNetCompiler.PhysicalPath = "docs\"
		Debug.AspNetCompiler.TargetPath = "PrecompiledWeb\localhost_53308\"
		Debug.AspNetCompiler.Updateable = "true"
		Debug.AspNetCompiler.ForceOverwrite = "true"
		Debug.AspNetCompiler.FixedNames = "false"
		Debug.AspNetCompiler.Debug = "True"
		Release.AspNetCompiler.VirtualPath = "/localhost_53308"
		Release.AspNetCompiler.PhysicalPath = "docs\"
		Release.AspNetCompiler.TargetPath = "PrecompiledWeb\localhost_53308\"
		Release.AspNetCompiler.Updateable = "true"
		Release.AspNetCompiler.ForceOverwrite = "true"
		Release.AspNetCompiler.FixedNames = "false"
		Release.AspNetCompiler.Debug = "False"
		VWDPort = "53308"
		SlnRelativePath = "docs\"
	EndProjectSection
EndProject
Global
	GlobalSection(SolutionConfigurationPlatforms) = preSolution
		Debug|Any CPU = Debug|Any CPU
	EndGlobalSection
	GlobalSection(ProjectConfigurationPlatforms) = postSolution
		{08F6799F-FC6A-4874-9044-C750C5F3CB4B}.Debug|Any CPU.ActiveCfg = Debug|Any CPU
		{08F6799F-FC6A-4874-9044-C750C5F3CB4B}.Debug|Any CPU.Build.0 = Debug|Any CPU
	EndGlobalSection
	GlobalSection(SolutionProperties) = preSolution
		HideSolutionNode = FALSE
	EndGlobalSection
	GlobalSection(ExtensibilityGlobals) = postSolution
		SolutionGuid = {F0702C16-A0F2-4C26-856E-EE88F8558B3B}
	EndGlobalSection
EndGlobal
